
Microsoft Visual Studio Solution File, Format Version 12.00
# Visual Studio Version 16
VisualStudioVersion = 16.0.35130.168
MinimumVisualStudioVersion = 10.0.40219.1
Project("{888888A0-9F3D-457C-B088-3A5042F75D52}") = "conversor de temperatura", "conversor de temperatura\conversor de temperatura.pyproj", "{93D269CA-E855-4C65-9C67-B768B661B44B}"
EndProject
Global
	GlobalSection(SolutionConfigurationPlatforms) = preSolution
		Debug|Any CPU = Debug|Any CPU
		Release|Any CPU = Release|Any CPU
	EndGlobalSection
	GlobalSection(ProjectConfigurationPlatforms) = postSolution
		{93D269CA-E855-4C65-9C67-B768B661B44B}.Debug|Any CPU.ActiveCfg = Debug|Any CPU
		{93D269CA-E855-4C65-9C67-B768B661B44B}.Release|Any CPU.ActiveCfg = Release|Any CPU
	EndGlobalSection
	GlobalSection(SolutionProperties) = preSolution
		HideSolutionNode = FALSE
	EndGlobalSection
	GlobalSection(ExtensibilityGlobals) = postSolution
		SolutionGuid = {8389FD93-86AC-4840-B671-60834B72483D}
	EndGlobalSection
EndGlobal
